
Microsoft Visual Studio Solution File, Format Version 12.00
# Visual Studio Version 17
VisualStudioVersion = 17.10.35122.118
MinimumVisualStudioVersion = 10.0.40219.1
Project("{FAE04EC0-301F-11D3-BF4B-00C04F79EFBC}") = "Cryptologist1.0", "Cryptologist1.0\Cryptologist1.0.csproj", "{623EC1CA-4D8A-485E-B7CC-2E9CCEC42123}"
EndProject
Global
	GlobalSection(SolutionConfigurationPlatforms) = preSolution
		Debug|Any CPU = Debug|Any CPU
		Release|Any CPU = Release|Any CPU
	EndGlobalSection
	GlobalSection(ProjectConfigurationPlatforms) = postSolution
		{623EC1CA-4D8A-485E-B7CC-2E9CCEC42123}.Debug|Any CPU.ActiveCfg = Debug|Any CPU
		{623EC1CA-4D8A-485E-B7CC-2E9CCEC42123}.Debug|Any CPU.Build.0 = Debug|Any CPU
		{623EC1CA-4D8A-485E-B7CC-2E9CCEC42123}.Release|Any CPU.ActiveCfg = Release|Any CPU
		{623EC1CA-4D8A-485E-B7CC-2E9CCEC42123}.Release|Any CPU.Build.0 = Release|Any CPU
	EndGlobalSection
	GlobalSection(SolutionProperties) = preSolution
		HideSolutionNode = FALSE
	EndGlobalSection
	GlobalSection(ExtensibilityGlobals) = postSolution
		SolutionGuid = {1884A72B-FE2F-4B30-9123-F614A8B17FC8}
	EndGlobalSection
EndGlobal
